github.com/AaronO/go-git-http v0.0.0-20161214145340-1d9485b3a98f h1:x/RDwGRneK2/891S2o7KhZt3MhHMSCssoeDOfvolTMk=
github.com/AaronO/go-git-http v0.0.0-20161214145340-1d9485b3a98f/go.mod h1:+6Yuq73F9068Na+mSBNXCvyuxvgw4f/g5ii40e3U8Sc=
golang.org/x/crypto v0.0.0-20190308221718-c2843e01d9a2/go.mod h1:djNgcEr1/C05ACkg1iLfiJU5Ep61QUkGW8qpdssI0+w=
golang.org/x/crypto v0.0.0-20200622213623-75b288015ac9/go.mod h1:LzIPMQfyMNhhGPhUkYOs5KpL4U8rLKemX1yGLhDgUto=
golang.org/x/net v0.0.0-20190404232315-eb5bcb51f2a3/go.mod h1:t9HGtf8HONx5eT2rtn7q6eTqICYqUVnKs3thJo3Qplg=
golang.org/x/net v0.0.0-20200707034311-ab3426394381 h1:VXak5I6aEWmAXeQjA+QSZzlgNrpq9mjcfDemuexIKsU=
golang.org/x/net v0.0.0-20200707034311-ab3426394381/go.mod h1:/O7V0waA8r7cgGh81Ro3o1hOxt32SMVPicZroKQ2sZA=
golang.org/x/sys v0.0.0-20190215142949-d0b11bdaac8a/go.mod h1:STP8DvDyc/dI5b8T5hshtkjS+E42TnysNCUPdjciGhY=
golang.org/x/sys v0.0.0-20190412213103-97732733099d/go.mod h1:h1NjWce9XRLGQEsW7wpKNCjG9DtNlClVuFLEZdDNbEs=
golang.org/x/sys v0.0.0-20200323222414-85ca7c5b95cd/go.mod h1:h1NjWce9XRLGQEsW7wpKNCjG9DtNlClVuFLEZdDNbEs=
golang.org/x/text v0.3.0/go.mod h1:NqM8EUOU14njkJ3fqMW+pc6Ldnwhi/IjpwHt7yyuwOQ=
taylz.io/keygen v0.0.0-20200709232401-e4722243b34f h1:wBwQgv/Gt2kZfnm9RnUXD82B9T3S9MMKUTG2r/wj7TA=
taylz.io/keygen v0.0.0-20200709232401-e4722243b34f/go.mod h1:ydkPteQzhFx7i3HG6Sdj4sV7ammePVVZqeXkUo29pgY=
taylz.io/types v0.0.0-20200709233105-c2612282c3fb h1:1MIIGN3960aqkqi/KxswVlH//GLfAI6OLFDF9cXETGA=
taylz.io/types v0.0.0-20200709233105-c2612282c3fb/go.mod h1:0HLZiOl1H6poLsaD/TS/OjkZb5dykB54NJo/xmAP3kg=
taylz.io/z/charset v0.0.0 h1:ccNoMAZiI4hCsReriYsH3sLvJ40lhZh+K3ju+dop8eM=
taylz.io/z/charset v0.0.0/go.mod h1:qiJv+jXWeY/TJDIRZhr/pXfTVj3uDjJEw2F3utyuco0=
